
Microsoft Visual Studio Solution File, Format Version 12.00
# Visual Studio Version 17
VisualStudioVersion = 17.0.31903.59
MinimumVisualStudioVersion = 10.0.40219.1
Project("{FAE04EC0-301F-11D3-BF4B-00C04F79EFBC}") = "MaemoCompliance.Api", "MaemoCompliance.Api\MaemoCompliance.Api.csproj", "{DAB07A87-F231-43F3-80DD-D3EDE9BF38E9}"
EndProject
Project("{FAE04EC0-301F-11D3-BF4B-00C04F79EFBC}") = "MaemoCompliance.Application", "application\src\MaemoCompliance.Application\MaemoCompliance.Application.csproj", "{CE445795-311C-40F3-ADFF-D6F8A152C830}"
EndProject
Project("{FAE04EC0-301F-11D3-BF4B-00C04F79EFBC}") = "MaemoCompliance.Domain", "domain\src\MaemoCompliance.Domain\MaemoCompliance.Domain.csproj", "{BD491827-CB01-47D2-811E-86EC65F5D414}"
EndProject
Project("{FAE04EC0-301F-11D3-BF4B-00C04F79EFBC}") = "MaemoCompliance.Infrastructure", "infrastructure\src\MaemoCompliance.Infrastructure\MaemoCompliance.Infrastructure.csproj", "{14DDE981-EEBD-44FE-B1A8-2EBC2CB08531}"
EndProject
Project("{FAE04EC0-301F-11D3-BF4B-00C04F79EFBC}") = "MaemoCompliance.Workers", "workers\src\MaemoCompliance.Workers\MaemoCompliance.Workers.csproj", "{B1F20A06-4189-4832-AC23-39D068113DFE}"
EndProject
Project("{FAE04EC0-301F-11D3-BF4B-00C04F79EFBC}") = "MaemoCompliance.UnitTests", "MaemoCompliance.UnitTests\MaemoCompliance.UnitTests.csproj", "{B3EFBC0D-7458-4BE6-BD52-BFE43E348C31}"
EndProject
Project("{FAE04EC0-301F-11D3-BF4B-00C04F79EFBC}") = "MaemoCompliance.IntegrationTests", "MaemoCompliance.IntegrationTests\MaemoCompliance.IntegrationTests.csproj", "{CBD2A122-B091-4DD8-9B09-85695D7556B3}"
EndProject
Project("{FAE04EC0-301F-11D3-BF4B-00C04F79EFBC}") = "MaemoCompliance.Engine.Client", "MaemoCompliance.Engine.Client\MaemoCompliance.Engine.Client.csproj", "{A5888603-22DE-4A45-A980-E9B3DB1B0BE1}"
EndProject
Project("{FAE04EC0-301F-11D3-BF4B-00C04F79EFBC}") = "MaemoCompliance.Engine.Sample", "MaemoCompliance.Engine.Sample\MaemoCompliance.Engine.Sample.csproj", "{59A7EFFE-A2E4-419A-800C-3DDBE921125C}"
EndProject
Project("{FAE04EC0-301F-11D3-BF4B-00C04F79EFBC}") = "MaemoCompliance.Engine.Api", "engine\src\MaemoCompliance.Engine.Api\MaemoCompliance.Engine.Api.csproj", "{62B09C93-AC58-4F1D-B605-566C708D1800}"
EndProject
Project("{FAE04EC0-301F-11D3-BF4B-00C04F79EFBC}") = "MaemoCompliance.Shared", "application\src\MaemoCompliance.Shared\MaemoCompliance.Shared.csproj", "{FFC24CD0-7854-4B1D-A0F7-4ADBBE4FDC6D}"
EndProject
Project("{FAE04EC0-301F-11D3-BF4B-00C04F79EFBC}") = "MaemoCompliance.Portal.Api", "portal\src\MaemoCompliance.Portal.Api\MaemoCompliance.Portal.Api.csproj", "{0C177530-6B2B-43AD-8708-E5DE9A6BA237}"
EndProject
Project("{FAE04EC0-301F-11D3-BF4B-00C04F79EFBC}") = "MaemoCompliance.Admin.Api", "admin\src\MaemoCompliance.Admin.Api\MaemoCompliance.Admin.Api.csproj", "{50ABB196-A171-4724-878C-5089A6B3FBCC}"
EndProject
Global
	GlobalSection(SolutionConfigurationPlatforms) = preSolution
		Debug|Any CPU = Debug|Any CPU
		Debug|x64 = Debug|x64
		Debug|x86 = Debug|x86
		Release|Any CPU = Release|Any CPU
		Release|x64 = Release|x64
		Release|x86 = Release|x86
	EndGlobalSection
	GlobalSection(ProjectConfigurationPlatforms) = postSolution
		{DAB07A87-F231-43F3-80DD-D3EDE9BF38E9}.Debug|Any CPU.ActiveCfg = Debug|Any CPU
		{DAB07A87-F231-43F3-80DD-D3EDE9BF38E9}.Debug|Any CPU.Build.0 = Debug|Any CPU
		{DAB07A87-F231-43F3-80DD-D3EDE9BF38E9}.Debug|x64.ActiveCfg = Debug|Any CPU
		{DAB07A87-F231-43F3-80DD-D3EDE9BF38E9}.Debug|x64.Build.0 = Debug|Any CPU
		{DAB07A87-F231-43F3-80DD-D3EDE9BF38E9}.Debug|x86.ActiveCfg = Debug|Any CPU
		{DAB07A87-F231-43F3-80DD-D3EDE9BF38E9}.Debug|x86.Build.0 = Debug|Any CPU
		{DAB07A87-F231-43F3-80DD-D3EDE9BF38E9}.Release|Any CPU.ActiveCfg = Release|Any CPU
		{DAB07A87-F231-43F3-80DD-D3EDE9BF38E9}.Release|Any CPU.Build.0 = Release|Any CPU
		{DAB07A87-F231-43F3-80DD-D3EDE9BF38E9}.Release|x64.ActiveCfg = Release|Any CPU
		{DAB07A87-F231-43F3-80DD-D3EDE9BF38E9}.Release|x64.Build.0 = Release|Any CPU
		{DAB07A87-F231-43F3-80DD-D3EDE9BF38E9}.Release|x86.ActiveCfg = Release|Any CPU
		{DAB07A87-F231-43F3-80DD-D3EDE9BF38E9}.Release|x86.Build.0 = Release|Any CPU
		{CE445795-311C-40F3-ADFF-D6F8A152C830}.Debug|Any CPU.ActiveCfg = Debug|Any CPU
		{CE445795-311C-40F3-ADFF-D6F8A152C830}.Debug|Any CPU.Build.0 = Debug|Any CPU
		{CE445795-311C-40F3-ADFF-D6F8A152C830}.Debug|x64.ActiveCfg = Debug|Any CPU
		{CE445795-311C-40F3-ADFF-D6F8A152C830}.Debug|x64.Build.0 = Debug|Any CPU
		{CE445795-311C-40F3-ADFF-D6F8A152C830}.Debug|x86.ActiveCfg = Debug|Any CPU
		{CE445795-311C-40F3-ADFF-D6F8A152C830}.Debug|x86.Build.0 = Debug|Any CPU
		{CE445795-311C-40F3-ADFF-D6F8A152C830}.Release|Any CPU.ActiveCfg = Release|Any CPU
		{CE445795-311C-40F3-ADFF-D6F8A152C830}.Release|Any CPU.Build.0 = Release|Any CPU
		{CE445795-311C-40F3-ADFF-D6F8A152C830}.Release|x64.ActiveCfg = Release|Any CPU
		{CE445795-311C-40F3-ADFF-D6F8A152C830}.Release|x64.Build.0 = Release|Any CPU
		{CE445795-311C-40F3-ADFF-D6F8A152C830}.Release|x86.ActiveCfg = Release|Any CPU
		{CE445795-311C-40F3-ADFF-D6F8A152C830}.Release|x86.Build.0 = Release|Any CPU
		{BD491827-CB01-47D2-811E-86EC65F5D414}.Debug|Any CPU.ActiveCfg = Debug|Any CPU
		{BD491827-CB01-47D2-811E-86EC65F5D414}.Debug|Any CPU.Build.0 = Debug|Any CPU
		{BD491827-CB01-47D2-811E-86EC65F5D414}.Debug|x64.ActiveCfg = Debug|Any CPU
		{BD491827-CB01-47D2-811E-86EC65F5D414}.Debug|x64.Build.0 = Debug|Any CPU
		{BD491827-CB01-47D2-811E-86EC65F5D414}.Debug|x86.ActiveCfg = Debug|Any CPU
		{BD491827-CB01-47D2-811E-86EC65F5D414}.Debug|x86.Build.0 = Debug|Any CPU
		{BD491827-CB01-47D2-811E-86EC65F5D414}.Release|Any CPU.ActiveCfg = Release|Any CPU
		{BD491827-CB01-47D2-811E-86EC65F5D414}.Release|Any CPU.Build.0 = Release|Any CPU
		{BD491827-CB01-47D2-811E-86EC65F5D414}.Release|x64.ActiveCfg = Release|Any CPU
		{BD491827-CB01-47D2-811E-86EC65F5D414}.Release|x64.Build.0 = Release|Any CPU
		{BD491827-CB01-47D2-811E-86EC65F5D414}.Release|x86.ActiveCfg = Release|Any CPU
		{BD491827-CB01-47D2-811E-86EC65F5D414}.Release|x86.Build.0 = Release|Any CPU
		{14DDE981-EEBD-44FE-B1A8-2EBC2CB08531}.Debug|Any CPU.ActiveCfg = Debug|Any CPU
		{14DDE981-EEBD-44FE-B1A8-2EBC2CB08531}.Debug|Any CPU.Build.0 = Debug|Any CPU
		{14DDE981-EEBD-44FE-B1A8-2EBC2CB08531}.Debug|x64.ActiveCfg = Debug|Any CPU
		{14DDE981-EEBD-44FE-B1A8-2EBC2CB08531}.Debug|x64.Build.0 = Debug|Any CPU
		{14DDE981-EEBD-44FE-B1A8-2EBC2CB08531}.Debug|x86.ActiveCfg = Debug|Any CPU
		{14DDE981-EEBD-44FE-B1A8-2EBC2CB08531}.Debug|x86.Build.0 = Debug|Any CPU
		{14DDE981-EEBD-44FE-B1A8-2EBC2CB08531}.Release|Any CPU.ActiveCfg = Release|Any CPU
		{14DDE981-EEBD-44FE-B1A8-2EBC2CB08531}.Release|Any CPU.Build.0 = Release|Any CPU
		{14DDE981-EEBD-44FE-B1A8-2EBC2CB08531}.Release|x64.ActiveCfg = Release|Any CPU
		{14DDE981-EEBD-44FE-B1A8-2EBC2CB08531}.Release|x64.Build.0 = Release|Any CPU
		{14DDE981-EEBD-44FE-B1A8-2EBC2CB08531}.Release|x86.ActiveCfg = Release|Any CPU
		{14DDE981-EEBD-44FE-B1A8-2EBC2CB08531}.Release|x86.Build.0 = Release|Any CPU
		{B1F20A06-4189-4832-AC23-39D068113DFE}.Debug|Any CPU.ActiveCfg = Debug|Any CPU
		{B1F20A06-4189-4832-AC23-39D068113DFE}.Debug|Any CPU.Build.0 = Debug|Any CPU
		{B1F20A06-4189-4832-AC23-39D068113DFE}.Debug|x64.ActiveCfg = Debug|Any CPU
		{B1F20A06-4189-4832-AC23-39D068113DFE}.Debug|x64.Build.0 = Debug|Any CPU
		{B1F20A06-4189-4832-AC23-39D068113DFE}.Debug|x86.ActiveCfg = Debug|Any CPU
		{B1F20A06-4189-4832-AC23-39D068113DFE}.Debug|x86.Build.0 = Debug|Any CPU
		{B1F20A06-4189-4832-AC23-39D068113DFE}.Release|Any CPU.ActiveCfg = Release|Any CPU
		{B1F20A06-4189-4832-AC23-39D068113DFE}.Release|Any CPU.Build.0 = Release|Any CPU
		{B1F20A06-4189-4832-AC23-39D068113DFE}.Release|x64.ActiveCfg = Release|Any CPU
		{B1F20A06-4189-4832-AC23-39D068113DFE}.Release|x64.Build.0 = Release|Any CPU
		{B1F20A06-4189-4832-AC23-39D068113DFE}.Release|x86.ActiveCfg = Release|Any CPU
		{B1F20A06-4189-4832-AC23-39D068113DFE}.Release|x86.Build.0 = Release|Any CPU
		{B3EFBC0D-7458-4BE6-BD52-BFE43E348C31}.Debug|Any CPU.ActiveCfg = Debug|Any CPU
		{B3EFBC0D-7458-4BE6-BD52-BFE43E348C31}.Debug|Any CPU.Build.0 = Debug|Any CPU
		{B3EFBC0D-7458-4BE6-BD52-BFE43E348C31}.Debug|x64.ActiveCfg = Debug|Any CPU
		{B3EFBC0D-7458-4BE6-BD52-BFE43E348C31}.Debug|x64.Build.0 = Debug|Any CPU
		{B3EFBC0D-7458-4BE6-BD52-BFE43E348C31}.Debug|x86.ActiveCfg = Debug|Any CPU
		{B3EFBC0D-7458-4BE6-BD52-BFE43E348C31}.Debug|x86.Build.0 = Debug|Any CPU
		{B3EFBC0D-7458-4BE6-BD52-BFE43E348C31}.Release|Any CPU.ActiveCfg = Release|Any CPU
		{B3EFBC0D-7458-4BE6-BD52-BFE43E348C31}.Release|Any CPU.Build.0 = Release|Any CPU
		{B3EFBC0D-7458-4BE6-BD52-BFE43E348C31}.Release|x64.ActiveCfg = Release|Any CPU
		{B3EFBC0D-7458-4BE6-BD52-BFE43E348C31}.Release|x64.Build.0 = Release|Any CPU
		{B3EFBC0D-7458-4BE6-BD52-BFE43E348C31}.Release|x86.ActiveCfg = Release|Any CPU
		{B3EFBC0D-7458-4BE6-BD52-BFE43E348C31}.Release|x86.Build.0 = Release|Any CPU
		{CBD2A122-B091-4DD8-9B09-85695D7556B3}.Debug|Any CPU.ActiveCfg = Debug|Any CPU
		{CBD2A122-B091-4DD8-9B09-85695D7556B3}.Debug|Any CPU.Build.0 = Debug|Any CPU
		{CBD2A122-B091-4DD8-9B09-85695D7556B3}.Debug|x64.ActiveCfg = Debug|Any CPU
		{CBD2A122-B091-4DD8-9B09-85695D7556B3}.Debug|x64.Build.0 = Debug|Any CPU
		{CBD2A122-B091-4DD8-9B09-85695D7556B3}.Debug|x86.ActiveCfg = Debug|Any CPU
		{CBD2A122-B091-4DD8-9B09-85695D7556B3}.Debug|x86.Build.0 = Debug|Any CPU
		{CBD2A122-B091-4DD8-9B09-85695D7556B3}.Release|Any CPU.ActiveCfg = Release|Any CPU
		{CBD2A122-B091-4DD8-9B09-85695D7556B3}.Release|Any CPU.Build.0 = Release|Any CPU
		{CBD2A122-B091-4DD8-9B09-85695D7556B3}.Release|x64.ActiveCfg = Release|Any CPU
		{CBD2A122-B091-4DD8-9B09-85695D7556B3}.Release|x64.Build.0 = Release|Any CPU
		{CBD2A122-B091-4DD8-9B09-85695D7556B3}.Release|x86.ActiveCfg = Release|Any CPU
		{CBD2A122-B091-4DD8-9B09-85695D7556B3}.Release|x86.Build.0 = Release|Any CPU
		{A5888603-22DE-4A45-A980-E9B3DB1B0BE1}.Debug|Any CPU.ActiveCfg = Debug|Any CPU
		{A5888603-22DE-4A45-A980-E9B3DB1B0BE1}.Debug|Any CPU.Build.0 = Debug|Any CPU
		{A5888603-22DE-4A45-A980-E9B3DB1B0BE1}.Debug|x64.ActiveCfg = Debug|Any CPU
		{A5888603-22DE-4A45-A980-E9B3DB1B0BE1}.Debug|x64.Build.0 = Debug|Any CPU
		{A5888603-22DE-4A45-A980-E9B3DB1B0BE1}.Debug|x86.ActiveCfg = Debug|Any CPU
		{A5888603-22DE-4A45-A980-E9B3DB1B0BE1}.Debug|x86.Build.0 = Debug|Any CPU
		{A5888603-22DE-4A45-A980-E9B3DB1B0BE1}.Release|Any CPU.ActiveCfg = Release|Any CPU
		{A5888603-22DE-4A45-A980-E9B3DB1B0BE1}.Release|Any CPU.Build.0 = Release|Any CPU
		{A5888603-22DE-4A45-A980-E9B3DB1B0BE1}.Release|x64.ActiveCfg = Release|Any CPU
		{A5888603-22DE-4A45-A980-E9B3DB1B0BE1}.Release|x64.Build.0 = Release|Any CPU
		{A5888603-22DE-4A45-A980-E9B3DB1B0BE1}.Release|x86.ActiveCfg = Release|Any CPU
		{A5888603-22DE-4A45-A980-E9B3DB1B0BE1}.Release|x86.Build.0 = Release|Any CPU
		{59A7EFFE-A2E4-419A-800C-3DDBE921125C}.Debug|Any CPU.ActiveCfg = Debug|Any CPU
		{59A7EFFE-A2E4-419A-800C-3DDBE921125C}.Debug|Any CPU.Build.0 = Debug|Any CPU
		{59A7EFFE-A2E4-419A-800C-3DDBE921125C}.Debug|x64.ActiveCfg = Debug|Any CPU
		{59A7EFFE-A2E4-419A-800C-3DDBE921125C}.Debug|x64.Build.0 = Debug|Any CPU
		{59A7EFFE-A2E4-419A-800C-3DDBE921125C}.Debug|x86.ActiveCfg = Debug|Any CPU
		{59A7EFFE-A2E4-419A-800C-3DDBE921125C}.Debug|x86.Build.0 = Debug|Any CPU
		{59A7EFFE-A2E4-419A-800C-3DDBE921125C}.Release|Any CPU.ActiveCfg = Release|Any CPU
		{59A7EFFE-A2E4-419A-800C-3DDBE921125C}.Release|Any CPU.Build.0 = Release|Any CPU
		{59A7EFFE-A2E4-419A-800C-3DDBE921125C}.Release|x64.ActiveCfg = Release|Any CPU
		{59A7EFFE-A2E4-419A-800C-3DDBE921125C}.Release|x64.Build.0 = Release|Any CPU
		{59A7EFFE-A2E4-419A-800C-3DDBE921125C}.Release|x86.ActiveCfg = Release|Any CPU
		{59A7EFFE-A2E4-419A-800C-3DDBE921125C}.Release|x86.Build.0 = Release|Any CPU
		{62B09C93-AC58-4F1D-B605-566C708D1800}.Debug|Any CPU.ActiveCfg = Debug|Any CPU
		{62B09C93-AC58-4F1D-B605-566C708D1800}.Debug|Any CPU.Build.0 = Debug|Any CPU
		{62B09C93-AC58-4F1D-B605-566C708D1800}.Debug|x64.ActiveCfg = Debug|Any CPU
		{62B09C93-AC58-4F1D-B605-566C708D1800}.Debug|x64.Build.0 = Debug|Any CPU
		{62B09C93-AC58-4F1D-B605-566C708D1800}.Debug|x86.ActiveCfg = Debug|Any CPU
		{62B09C93-AC58-4F1D-B605-566C708D1800}.Debug|x86.Build.0 = Debug|Any CPU
		{62B09C93-AC58-4F1D-B605-566C708D1800}.Release|Any CPU.ActiveCfg = Release|Any CPU
		{62B09C93-AC58-4F1D-B605-566C708D1800}.Release|Any CPU.Build.0 = Release|Any CPU
		{62B09C93-AC58-4F1D-B605-566C708D1800}.Release|x64.ActiveCfg = Release|Any CPU
		{62B09C93-AC58-4F1D-B605-566C708D1800}.Release|x64.Build.0 = Release|Any CPU
		{62B09C93-AC58-4F1D-B605-566C708D1800}.Release|x86.ActiveCfg = Release|Any CPU
		{62B09C93-AC58-4F1D-B605-566C708D1800}.Release|x86.Build.0 = Release|Any CPU
		{FFC24CD0-7854-4B1D-A0F7-4ADBBE4FDC6D}.Debug|Any CPU.ActiveCfg = Debug|Any CPU
		{FFC24CD0-7854-4B1D-A0F7-4ADBBE4FDC6D}.Debug|Any CPU.Build.0 = Debug|Any CPU
		{FFC24CD0-7854-4B1D-A0F7-4ADBBE4FDC6D}.Debug|x64.ActiveCfg = Debug|Any CPU
		{FFC24CD0-7854-4B1D-A0F7-4ADBBE4FDC6D}.Debug|x64.Build.0 = Debug|Any CPU
		{FFC24CD0-7854-4B1D-A0F7-4ADBBE4FDC6D}.Debug|x86.ActiveCfg = Debug|Any CPU
		{FFC24CD0-7854-4B1D-A0F7-4ADBBE4FDC6D}.Debug|x86.Build.0 = Debug|Any CPU
		{FFC24CD0-7854-4B1D-A0F7-4ADBBE4FDC6D}.Release|Any CPU.ActiveCfg = Release|Any CPU
		{FFC24CD0-7854-4B1D-A0F7-4ADBBE4FDC6D}.Release|Any CPU.Build.0 = Release|Any CPU
		{FFC24CD0-7854-4B1D-A0F7-4ADBBE4FDC6D}.Release|x64.ActiveCfg = Release|Any CPU
		{FFC24CD0-7854-4B1D-A0F7-4ADBBE4FDC6D}.Release|x64.Build.0 = Release|Any CPU
		{FFC24CD0-7854-4B1D-A0F7-4ADBBE4FDC6D}.Release|x86.ActiveCfg = Release|Any CPU
		{FFC24CD0-7854-4B1D-A0F7-4ADBBE4FDC6D}.Release|x86.Build.0 = Release|Any CPU
		{0C177530-6B2B-43AD-8708-E5DE9A6BA237}.Debug|Any CPU.ActiveCfg = Debug|Any CPU
		{0C177530-6B2B-43AD-8708-E5DE9A6BA237}.Debug|Any CPU.Build.0 = Debug|Any CPU
		{0C177530-6B2B-43AD-8708-E5DE9A6BA237}.Debug|x64.ActiveCfg = Debug|Any CPU
		{0C177530-6B2B-43AD-8708-E5DE9A6BA237}.Debug|x64.Build.0 = Debug|Any CPU
		{0C177530-6B2B-43AD-8708-E5DE9A6BA237}.Debug|x86.ActiveCfg = Debug|Any CPU
		{0C177530-6B2B-43AD-8708-E5DE9A6BA237}.Debug|x86.Build.0 = Debug|Any CPU
		{0C177530-6B2B-43AD-8708-E5DE9A6BA237}.Release|Any CPU.ActiveCfg = Release|Any CPU
		{0C177530-6B2B-43AD-8708-E5DE9A6BA237}.Release|Any CPU.Build.0 = Release|Any CPU
		{0C177530-6B2B-43AD-8708-E5DE9A6BA237}.Release|x64.ActiveCfg = Release|Any CPU
		{0C177530-6B2B-43AD-8708-E5DE9A6BA237}.Release|x64.Build.0 = Release|Any CPU
		{0C177530-6B2B-43AD-8708-E5DE9A6BA237}.Release|x86.ActiveCfg = Release|Any CPU
		{0C177530-6B2B-43AD-8708-E5DE9A6BA237}.Release|x86.Build.0 = Release|Any CPU
		{50ABB196-A171-4724-878C-5089A6B3FBCC}.Debug|Any CPU.ActiveCfg = Debug|Any CPU
		{50ABB196-A171-4724-878C-5089A6B3FBCC}.Debug|Any CPU.Build.0 = Debug|Any CPU
		{50ABB196-A171-4724-878C-5089A6B3FBCC}.Debug|x64.ActiveCfg = Debug|Any CPU
		{50ABB196-A171-4724-878C-5089A6B3FBCC}.Debug|x64.Build.0 = Debug|Any CPU
		{50ABB196-A171-4724-878C-5089A6B3FBCC}.Debug|x86.ActiveCfg = Debug|Any CPU
		{50ABB196-A171-4724-878C-5089A6B3FBCC}.Debug|x86.Build.0 = Debug|Any CPU
		{50ABB196-A171-4724-878C-5089A6B3FBCC}.Release|Any CPU.ActiveCfg = Release|Any CPU
		{50ABB196-A171-4724-878C-5089A6B3FBCC}.Release|Any CPU.Build.0 = Release|Any CPU
		{50ABB196-A171-4724-878C-5089A6B3FBCC}.Release|x64.ActiveCfg = Release|Any CPU
		{50ABB196-A171-4724-878C-5089A6B3FBCC}.Release|x64.Build.0 = Release|Any CPU
		{50ABB196-A171-4724-878C-5089A6B3FBCC}.Release|x86.ActiveCfg = Release|Any CPU
		{50ABB196-A171-4724-878C-5089A6B3FBCC}.Release|x86.Build.0 = Release|Any CPU
	EndGlobalSection
	GlobalSection(SolutionProperties) = preSolution
		HideSolutionNode = FALSE
	EndGlobalSection
	GlobalSection(NestedProjects) = preSolution
	EndGlobalSection
EndGlobal
